
Microsoft Visual Studio Solution File, Format Version 12.00
Project("{FAE04EC0-301F-11D3-BF4B-00C04F79EFBC}") = "BlazorSlice.Toast", "BlazorSlice.Toast\BlazorSlice.Toast.csproj", "{72059F84-5CA5-4C16-AA94-C5C669F43993}"
EndProject
Global
	GlobalSection(SolutionConfigurationPlatforms) = preSolution
		Debug|Any CPU = Debug|Any CPU
		Release|Any CPU = Release|Any CPU
	EndGlobalSection
	GlobalSection(ProjectConfigurationPlatforms) = postSolution
		{72059F84-5CA5-4C16-AA94-C5C669F43993}.Debug|Any CPU.ActiveCfg = Debug|Any CPU
		{72059F84-5CA5-4C16-AA94-C5C669F43993}.Debug|Any CPU.Build.0 = Debug|Any CPU
		{72059F84-5CA5-4C16-AA94-C5C669F43993}.Release|Any CPU.ActiveCfg = Release|Any CPU
		{72059F84-5CA5-4C16-AA94-C5C669F43993}.Release|Any CPU.Build.0 = Release|Any CPU
	EndGlobalSection
EndGlobal
